{
  "name": "hnnp-monorepo",
  "version": "0.1.0",
  "lockfileVersion": 3,
  "requires": true,
  "packages": {
    "": {
      "name": "hnnp-monorepo",
      "version": "0.1.0",
      "workspaces": [
        "device-app",
        "receiver",
        "cloud-api",
        "lib"
      ]
    },
    "cloud-api": {
      "name": "@hnnp/cloud-api",
      "version": "0.1.0"
    },
    "device-app": {
      "name": "@hnnp/device-app",
      "version": "0.0.0"
    },
    "lib": {
      "name": "@hnnp/lib",
      "version": "0.0.0"
    },
    "node_modules/@hnnp/cloud-api": {
      "resolved": "cloud-api",
      "link": true
    },
    "node_modules/@hnnp/device-app": {
      "resolved": "device-app",
      "link": true
    },
    "node_modules/@hnnp/lib": {
      "resolved": "lib",
      "link": true
    },
    "node_modules/@hnnp/receiver": {
      "resolved": "receiver",
      "link": true
    },
    "receiver": {
      "name": "@hnnp/receiver",
      "version": "0.0.0"
    }
  }
}
